
Microsoft Visual Studio Solution File, Format Version 12.00
# Visual Studio Version 17
VisualStudioVersion = 17.0.31912.275
MinimumVisualStudioVersion = 10.0.40219.1
Project("{9A19103F-16F7-4668-BE54-9A1E7A4F7556}") = "AdaTheDev.TableStorageBulkInsert", "AdaTheDev.TableStorageBulkInsert\AdaTheDev.TableStorageBulkInsert.csproj", "{C1B790A5-4791-4659-A3E1-89F81665E745}"
EndProject
Project("{9A19103F-16F7-4668-BE54-9A1E7A4F7556}") = "AdaTheDev.TableStorageBulkInsert.DataGen", "AdaTheDev.TableStorageBulkInsert.DataGen\AdaTheDev.TableStorageBulkInsert.DataGen.csproj", "{AAEC4FD6-7F9E-4F4C-9619-29F137E4C34D}"
EndProject
Project("{9A19103F-16F7-4668-BE54-9A1E7A4F7556}") = "AdaTheDev.TableStorageBulkInsert.QueueBulkInsertMessages", "AdaTheDev.TableStorageBulkInsert.QueueBulkInsertMessages\AdaTheDev.TableStorageBulkInsert.QueueBulkInsertMessages.csproj", "{90617421-6CD1-4531-B2A5-E95D390A10D0}"
EndProject
Project("{FAE04EC0-301F-11D3-BF4B-00C04F79EFBC}") = "AdaTheDev.TableStorageBulkInsert.AnalyseStats", "AdaTheDev.TableStorageBulkInsert.AnalyseStats\AdaTheDev.TableStorageBulkInsert.AnalyseStats.csproj", "{2AA48229-F80A-4B3D-9E09-EAD2EB587778}"
EndProject
Global
	GlobalSection(SolutionConfigurationPlatforms) = preSolution
		Debug|Any CPU = Debug|Any CPU
		Release|Any CPU = Release|Any CPU
	EndGlobalSection
	GlobalSection(ProjectConfigurationPlatforms) = postSolution
		{C1B790A5-4791-4659-A3E1-89F81665E745}.Debug|Any CPU.ActiveCfg = Debug|Any CPU
		{C1B790A5-4791-4659-A3E1-89F81665E745}.Debug|Any CPU.Build.0 = Debug|Any CPU
		{C1B790A5-4791-4659-A3E1-89F81665E745}.Release|Any CPU.ActiveCfg = Release|Any CPU
		{C1B790A5-4791-4659-A3E1-89F81665E745}.Release|Any CPU.Build.0 = Release|Any CPU
		{AAEC4FD6-7F9E-4F4C-9619-29F137E4C34D}.Debug|Any CPU.ActiveCfg = Debug|Any CPU
		{AAEC4FD6-7F9E-4F4C-9619-29F137E4C34D}.Debug|Any CPU.Build.0 = Debug|Any CPU
		{AAEC4FD6-7F9E-4F4C-9619-29F137E4C34D}.Release|Any CPU.ActiveCfg = Release|Any CPU
		{AAEC4FD6-7F9E-4F4C-9619-29F137E4C34D}.Release|Any CPU.Build.0 = Release|Any CPU
		{90617421-6CD1-4531-B2A5-E95D390A10D0}.Debug|Any CPU.ActiveCfg = Debug|Any CPU
		{90617421-6CD1-4531-B2A5-E95D390A10D0}.Debug|Any CPU.Build.0 = Debug|Any CPU
		{90617421-6CD1-4531-B2A5-E95D390A10D0}.Release|Any CPU.ActiveCfg = Release|Any CPU
		{90617421-6CD1-4531-B2A5-E95D390A10D0}.Release|Any CPU.Build.0 = Release|Any CPU
		{2AA48229-F80A-4B3D-9E09-EAD2EB587778}.Debug|Any CPU.ActiveCfg = Debug|Any CPU
		{2AA48229-F80A-4B3D-9E09-EAD2EB587778}.Debug|Any CPU.Build.0 = Debug|Any CPU
		{2AA48229-F80A-4B3D-9E09-EAD2EB587778}.Release|Any CPU.ActiveCfg = Release|Any CPU
		{2AA48229-F80A-4B3D-9E09-EAD2EB587778}.Release|Any CPU.Build.0 = Release|Any CPU
	EndGlobalSection
	GlobalSection(SolutionProperties) = preSolution
		HideSolutionNode = FALSE
	EndGlobalSection
	GlobalSection(ExtensibilityGlobals) = postSolution
		SolutionGuid = {1834C5B9-350C-4B73-86B1-5310524D625F}
	EndGlobalSection
EndGlobal
